// !$*UTF8*$!
{
	archiveVersion = 1;
	classes = {
	};
	objectVersion = 46;
	objects = {

/* Begin PBXBuildFile section */
		9ACF8D0B1C7DBE0700D64B91 /* AppDelegate.swift in Sources */ = {isa = PBXBuildFile; fileRef = 9ACF8D0A1C7DBE0700D64B91 /* AppDelegate.swift */; };
		9ACF8D0D1C7DBE0700D64B91 /* ViewController.swift in Sources */ = {isa = PBXBuildFile; fileRef = 9ACF8D0C1C7DBE0700D64B91 /* ViewController.swift */; };
		9ACF8D101C7DBE0700D64B91 /* Main.storyboard in Resources */ = {isa = PBXBuildFile; fileRef = 9ACF8D0E1C7DBE0700D64B91 /* Main.storyboard */; };
		9ACF8D121C7DBE0700D64B91 /* Assets.xcassets in Resources */ = {isa = PBXBuildFile; fileRef = 9ACF8D111C7DBE0700D64B91 /* Assets.xcassets */; };
		9ACF8D151C7DBE0700D64B91 /* LaunchScreen.storyboard in Resources */ = {isa = PBXBuildFile; fileRef = 9ACF8D131C7DBE0700D64B91 /* LaunchScreen.storyboard */; };
		9ACF8D201C7DBE0700D64B91 /* MusicVideoTests.swift in Sources */ = {isa = PBXBuildFile; fileRef = 9ACF8D1F1C7DBE0700D64B91 /* MusicVideoTests.swift */; };
		9ACF8D2B1C7DBE0700D64B91 /* MusicVideoUITests.swift in Sources */ = {isa = PBXBuildFile; fileRef = 9ACF8D2A1C7DBE0700D64B91 /* MusicVideoUITests.swift */; };
/* End PBXBuildFile section */

/* Begin PBXContainerItemProxy section */
		9ACF8D1C1C7DBE0700D64B91 /* PBXContainerItemProxy */ = {
			isa = PBXContainerItemProxy;
			containerPortal = 9ACF8CFF1C7DBE0700D64B91 /* Project object */;
			proxyType = 1;
			remoteGlobalIDString = 9ACF8D061C7DBE0700D64B91;
			remoteInfo = MusicVideo;
		};
		9ACF8D271C7DBE0700D64B91 /* PBXContainerItemProxy */ = {
			isa = PBXContainerItemProxy;
			containerPortal = 9ACF8CFF1C7DBE0700D64B91 /* Project object */;
			proxyType = 1;
			remoteGlobalIDString = 9ACF8D061C7DBE0700D64B91;
			remoteInfo = MusicVideo;
		};
/* End PBXContainerItemProxy section */

/* Begin PBXFileReference section */
		9ACF8D071C7DBE0700D64B91 /* MusicVideo.app */ = {isa = PBXFileReference; explicitFileType = wrapper.application; includeInIndex = 0; path = MusicVideo.app; sourceTree = BUILT_PRODUCTS_DIR; };
		9ACF8D0A1C7DBE0700D64B91 /* AppDelegate.swift */ = {isa = PBXFileReference; lastKnownFileType = sourcecode.swift; path = AppDelegate.swift; sourceTree = "<group>"; };
		9ACF8D0C1C7DBE0700D64B91 /* ViewController.swift */ = {isa = PBXFileReference; lastKnownFileType = sourcecode.swift; path = ViewController.swift; sourceTree = "<group>"; };
		9ACF8D0F1C7DBE0700D64B91 /* Base */ = {isa = PBXFileReference; lastKnownFileType = file.storyboard; name = Base; path = Base.lproj/Main.storyboard; sourceTree = "<group>"; };
		9ACF8D111C7DBE0700D64B91 /* Assets.xcassets */ = {isa = PBXFileReference; lastKnownFileType = folder.assetcatalog; path = Assets.xcassets; sourceTree = "<group>"; };
		9ACF8D141C7DBE0700D64B91 /* Base */ = {isa = PBXFileReference; lastKnownFileType = file.storyboard; name = Base; path = Base.lproj/LaunchScreen.storyboard; sourceTree = "<group>"; };
		9ACF8D161C7DBE0700D64B91 /* Info.plist */ = {isa = PBXFileReference; lastKnownFileType = text.plist.xml; path = Info.plist; sourceTree = "<group>"; };
		9ACF8D1B1C7DBE0700D64B91 /* MusicVideoTests.xctest */ = {isa = PBXFileReference; explicitFileType = wrapper.cfbundle; includeInIndex = 0; path = MusicVideoTests.xctest; sourceTree = BUILT_PRODUCTS_DIR; };
		9ACF8D1F1C7DBE0700D64B91 /* MusicVideoTests.swift */ = {isa = PBXFileReference; lastKnownFileType = sourcecode.swift; path = MusicVideoTests.swift; sourceTree = "<group>"; };
		9ACF8D211C7DBE0700D64B91 /* Info.plist */ = {isa = PBXFileReference; lastKnownFileType = text.plist.xml; path = Info.plist; sourceTree = "<group>"; };
		9ACF8D261C7DBE0700D64B91 /* MusicVideoUITests.xctest */ = {isa = PBXFileReference; explicitFileType = wrapper.cfbundle; includeInIndex = 0; path = MusicVideoUITests.xctest; sourceTree = BUILT_PRODUCTS_DIR; };
		9ACF8D2A1C7DBE0700D64B91 /* MusicVideoUITests.swift */ = {isa = PBXFileReference; lastKnownFileType = sourcecode.swift; path = MusicVideoUITests.swift; sourceTree = "<group>"; };
		9ACF8D2C1C7DBE0700D64B91 /* Info.plist */ = {isa = PBXFileReference; lastKnownFileType = text.plist.xml; path = Info.plist; sourceTree = "<group>"; };
/* End PBXFileReference section */

/* Begin PBXFrameworksBuildPhase section */
		9ACF8D041C7DBE0700D64B91 /* Frameworks */ = {
			isa = PBXFrameworksBuildPhase;
			buildActionMask = 2147483647;
			files = (
			);
			runOnlyForDeploymentPostprocessing = 0;
		};
		9ACF8D181C7DBE0700D64B91 /* Frameworks */ = {
			isa = PBXFrameworksBuildPhase;
			buildActionMask = 2147483647;
			files = (
			);
			runOnlyForDeploymentPostprocessing = 0;
		};
		9ACF8D231C7DBE0700D64B91 /* Frameworks */ = {
			isa = PBXFrameworksBuildPhase;
			buildActionMask = 2147483647;
			files = (
			);
			runOnlyForDeploymentPostprocessing = 0;
		};
/* End PBXFrameworksBuildPhase section */

/* Begin PBXGroup section */
		9ACF8CFE1C7DBE0700D64B91 = {
			isa = PBXGroup;
			children = (
				9ACF8D091C7DBE0700D64B91 /* MusicVideo */,
				9ACF8D1E1C7DBE0700D64B91 /* MusicVideoTests */,
				9ACF8D291C7DBE0700D64B91 /* MusicVideoUITests */,
				9ACF8D081C7DBE0700D64B91 /* Products */,
			);
			sourceTree = "<group>";
		};
		9ACF8D081C7DBE0700D64B91 /* Products */ = {
			isa = PBXGroup;
			children = (
				9ACF8D071C7DBE0700D64B91 /* MusicVideo.app */,
				9ACF8D1B1C7DBE0700D64B91 /* MusicVideoTests.xctest */,
				9ACF8D261C7DBE0700D64B91 /* MusicVideoUITests.xctest */,
			);
			name = Products;
			sourceTree = "<group>";
		};
		9ACF8D091C7DBE0700D64B91 /* MusicVideo */ = {
			isa = PBXGroup;
			children = (
				9ACF8D3B1C7DC2C000D64B91 /* SupportingFiles */,
				9ACF8D381C7DC23200D64B91 /* Model */,
				9ACF8D391C7DC25800D64B91 /* Controller */,
				9ACF8D3A1C7DC27900D64B91 /* View */,
			);
			path = MusicVideo;
			sourceTree = "<group>";
		};
		9ACF8D1E1C7DBE0700D64B91 /* MusicVideoTests */ = {
			isa = PBXGroup;
			children = (
				9ACF8D1F1C7DBE0700D64B91 /* MusicVideoTests.swift */,
				9ACF8D211C7DBE0700D64B91 /* Info.plist */,
			);
			path = MusicVideoTests;
			sourceTree = "<group>";
		};
		9ACF8D291C7DBE0700D64B91 /* MusicVideoUITests */ = {
			isa = PBXGroup;
			children = (
				9ACF8D2A1C7DBE0700D64B91 /* MusicVideoUITests.swift */,
				9ACF8D2C1C7DBE0700D64B91 /* Info.plist */,
			);
			path = MusicVideoUITests;
			sourceTree = "<group>";
		};
		9ACF8D381C7DC23200D64B91 /* Model */ = {
			isa = PBXGroup;
			children = (
			);
			name = Model;
			sourceTree = "<group>";
		};
		9ACF8D391C7DC25800D64B91 /* Controller */ = {
			isa = PBXGroup;
			children = (
				9ACF8D0C1C7DBE0700D64B91 /* ViewController.swift */,
			);
			name = Controller;
			sourceTree = "<group>";
		};
		9ACF8D3A1C7DC27900D64B91 /* View */ = {
			isa = PBXGroup;
			children = (
				9ACF8D131C7DBE0700D64B91 /* LaunchScreen.storyboard */,
				9ACF8D0E1C7DBE0700D64B91 /* Main.storyboard */,
			);
			name = View;
			sourceTree = "<group>";
		};
		9ACF8D3B1C7DC2C000D64B91 /* SupportingFiles */ = {
			isa = PBXGroup;
			children = (
				9ACF8D161C7DBE0700D64B91 /* Info.plist */,
				9ACF8D0A1C7DBE0700D64B91 /* AppDelegate.swift */,
				9ACF8D111C7DBE0700D64B91 /* Assets.xcassets */,
			);
			name = SupportingFiles;
			sourceTree = "<group>";
		};
/* End PBXGroup section */

/* Begin PBXNativeTarget section */
		9ACF8D061C7DBE0700D64B91 /* MusicVideo */ = {
			isa = PBXNativeTarget;
			buildConfigurationList = 9ACF8D2F1C7DBE0700D64B91 /* Build configuration list for PBXNativeTarget "MusicVideo" */;
			buildPhases = (
				9ACF8D031C7DBE0700D64B91 /* Sources */,
				9ACF8D041C7DBE0700D64B91 /* Frameworks */,
				9ACF8D051C7DBE0700D64B91 /* Resources */,
			);
			buildRules = (
			);
			dependencies = (
			);
			name = MusicVideo;
			productName = MusicVideo;
			productReference = 9ACF8D071C7DBE0700D64B91 /* MusicVideo.app */;
			productType = "com.apple.product-type.application";
		};
		9ACF8D1A1C7DBE0700D64B91 /* MusicVideoTests */ = {
			isa = PBXNativeTarget;
			buildConfigurationList = 9ACF8D321C7DBE0700D64B91 /* Build configuration list for PBXNativeTarget "MusicVideoTests" */;
			buildPhases = (
				9ACF8D171C7DBE0700D64B91 /* Sources */,
				9ACF8D181C7DBE0700D64B91 /* Frameworks */,
				9ACF8D191C7DBE0700D64B91 /* Resources */,
			);
			buildRules = (
			);
			dependencies = (
				9ACF8D1D1C7DBE0700D64B91 /* PBXTargetDependency */,
			);
			name = MusicVideoTests;
			productName = MusicVideoTests;
			productReference = 9ACF8D1B1C7DBE0700D64B91 /* MusicVideoTests.xctest */;
			productType = "com.apple.product-type.bundle.unit-test";
		};
		9ACF8D251C7DBE0700D64B91 /* MusicVideoUITests */ = {
			isa = PBXNativeTarget;
			buildConfigurationList = 9ACF8D351C7DBE0700D64B91 /* Build configuration list for PBXNativeTarget "MusicVideoUITests" */;
			buildPhases = (
				9ACF8D221C7DBE0700D64B91 /* Sources */,
				9ACF8D231C7DBE0700D64B91 /* Frameworks */,
				9ACF8D241C7DBE0700D64B91 /* Resources */,
			);
			buildRules = (
			);
			dependencies = (
				9ACF8D281C7DBE0700D64B91 /* PBXTargetDependency */,
			);
			name = MusicVideoUITests;
			productName = MusicVideoUITests;
			productReference = 9ACF8D261C7DBE0700D64B91 /* MusicVideoUITests.xctest */;
			productType = "com.apple.product-type.bundle.ui-testing";
		};
/* End PBXNativeTarget section */

/* Begin PBXProject section */
		9ACF8CFF1C7DBE0700D64B91 /* Project object */ = {
			isa = PBXProject;
			attributes = {
				LastSwiftUpdateCheck = 0720;
				LastUpgradeCheck = 0720;
				ORGANIZATIONNAME = "Sergey Guznin";
				TargetAttributes = {
					9ACF8D061C7DBE0700D64B91 = {
						CreatedOnToolsVersion = 7.2.1;
					};
					9ACF8D1A1C7DBE0700D64B91 = {
						CreatedOnToolsVersion = 7.2.1;
						TestTargetID = 9ACF8D061C7DBE0700D64B91;
					};
					9ACF8D251C7DBE0700D64B91 = {
						CreatedOnToolsVersion = 7.2.1;
						TestTargetID = 9ACF8D061C7DBE0700D64B91;
					};
				};
			};
			buildConfigurationList = 9ACF8D021C7DBE0700D64B91 /* Build configuration list for PBXProject "MusicVideo" */;
			compatibilityVersion = "Xcode 3.2";
			developmentRegion = English;
			hasScannedForEncodings = 0;
			knownRegions = (
				en,
				Base,
			);
			mainGroup = 9ACF8CFE1C7DBE0700D64B91;
			productRefGroup = 9ACF8D081C7DBE0700D64B91 /* Products */;
			projectDirPath = "";
			projectRoot = "";
			targets = (
				9ACF8D061C7DBE0700D64B91 /* MusicVideo */,
				9ACF8D1A1C7DBE0700D64B91 /* MusicVideoTests */,
				9ACF8D251C7DBE0700D64B91 /* MusicVideoUITests */,
			);
		};
/* End PBXProject section */

/* Begin PBXResourcesBuildPhase section */
		9ACF8D051C7DBE0700D64B91 /* Resources */ = {
			isa = PBXResourcesBuildPhase;
			buildActionMask = 2147483647;
			files = (
				9ACF8D151C7DBE0700D64B91 /* LaunchScreen.storyboard in Resources */,
				9ACF8D121C7DBE0700D64B91 /* Assets.xcassets in Resources */,
				9ACF8D101C7DBE0700D64B91 /* Main.storyboard in Resources */,
			);
			runOnlyForDeploymentPostprocessing = 0;
		};
		9ACF8D191C7DBE0700D64B91 /* Resources */ = {
			isa = PBXResourcesBuildPhase;
			buildActionMask = 2147483647;
			files = (
			);
			runOnlyForDeploymentPostprocessing = 0;
		};
		9ACF8D241C7DBE0700D64B91 /* Resources */ = {
			isa = PBXResourcesBuildPhase;
			buildActionMask = 2147483647;
			files = (
			);
			runOnlyForDeploymentPostprocessing = 0;
		};
/* End PBXResourcesBuildPhase section */

/* Begin PBXSourcesBuildPhase section */
		9ACF8D031C7DBE0700D64B91 /* Sources */ = {
			isa = PBXSourcesBuildPhase;
			buildActionMask = 2147483647;
			files = (
				9ACF8D0D1C7DBE0700D64B91 /* ViewController.swift in Sources */,
				9ACF8D0B1C7DBE0700D64B91 /* AppDelegate.swift in Sources */,
			);
			runOnlyForDeploymentPostprocessing = 0;
		};
		9ACF8D171C7DBE0700D64B91 /* Sources */ = {
			isa = PBXSourcesBuildPhase;
			buildActionMask = 2147483647;
			files = (
				9ACF8D201C7DBE0700D64B91 /* MusicVideoTests.swift in Sources */,
			);
			runOnlyForDeploymentPostprocessing = 0;
		};
		9ACF8D221C7DBE0700D64B91 /* Sources */ = {
			isa = PBXSourcesBuildPhase;
			buildActionMask = 2147483647;
			files = (
				9ACF8D2B1C7DBE0700D64B91 /* MusicVideoUITests.swift in Sources */,
			);
			runOnlyForDeploymentPostprocessing = 0;
		};
/* End PBXSourcesBuildPhase section */

/* Begin PBXTargetDependency section */
		9ACF8D1D1C7DBE0700D64B91 /* PBXTargetDependency */ = {
			isa = PBXTargetDependency;
			target = 9ACF8D061C7DBE0700D64B91 /* MusicVideo */;
			targetProxy = 9ACF8D1C1C7DBE0700D64B91 /* PBXContainerItemProxy */;
		};
		9ACF8D281C7DBE0700D64B91 /* PBXTargetDependency */ = {
			isa = PBXTargetDependency;
			target = 9ACF8D061C7DBE0700D64B91 /* MusicVideo */;
			targetProxy = 9ACF8D271C7DBE0700D64B91 /* PBXContainerItemProxy */;
		};
/* End PBXTargetDependency section */

/* Begin PBXVariantGroup section */
		9ACF8D0E1C7DBE0700D64B91 /* Main.storyboard */ = {
			isa = PBXVariantGroup;
			children = (
				9ACF8D0F1C7DBE0700D64B91 /* Base */,
			);
			name = Main.storyboard;
			sourceTree = "<group>";
		};
		9ACF8D131C7DBE0700D64B91 /* LaunchScreen.storyboard */ = {
			isa = PBXVariantGroup;
			children = (
				9ACF8D141C7DBE0700D64B91 /* Base */,
			);
			name = LaunchScreen.storyboard;
			sourceTree = "<group>";
		};
/* End PBXVariantGroup section */

/* Begin XCBuildConfiguration section */
		9ACF8D2D1C7DBE0700D64B91 /* Debug */ = {
			isa = XCBuildConfiguration;
			buildSettings = {
				ALWAYS_SEARCH_USER_PATHS = NO;
				CLANG_CXX_LANGUAGE_STANDARD = "gnu++0x";
				CLANG_CXX_LIBRARY = "libc++";
				CLANG_ENABLE_MODULES = YES;
				CLANG_ENABLE_OBJC_ARC = YES;
				CLANG_WARN_BOOL_CONVERSION = YES;
				CLANG_WARN_CONSTANT_CONVERSION = YES;
				CLANG_WARN_DIRECT_OBJC_ISA_USAGE = YES_ERROR;
				CLANG_WARN_EMPTY_BODY = YES;
				CLANG_WARN_ENUM_CONVERSION = YES;
				CLANG_WARN_INT_CONVERSION = YES;
				CLANG_WARN_OBJC_ROOT_CLASS = YES_ERROR;
				CLANG_WARN_UNREACHABLE_CODE = YES;
				CLANG_WARN__DUPLICATE_METHOD_MATCH = YES;
				"CODE_SIGN_IDENTITY[sdk=iphoneos*]" = "iPhone Developer";
				COPY_PHASE_STRIP = NO;
				DEBUG_INFORMATION_FORMAT = dwarf;
				ENABLE_STRICT_OBJC_MSGSEND = YES;
				ENABLE_TESTABILITY = YES;
				GCC_C_LANGUAGE_STANDARD = gnu99;
				GCC_DYNAMIC_NO_PIC = NO;
				GCC_NO_COMMON_BLOCKS = YES;
				GCC_OPTIMIZATION_LEVEL = 0;
				GCC_PREPROCESSOR_DEFINITIONS = (
					"DEBUG=1",
					"$(inherited)",
				);
				GCC_WARN_64_TO_32_BIT_CONVERSION = YES;
				GCC_WARN_ABOUT_RETURN_TYPE = YES_ERROR;
				GCC_WARN_UNDECLARED_SELECTOR = YES;
				GCC_WARN_UNINITIALIZED_AUTOS = YES_AGGRESSIVE;
				GCC_WARN_UNUSED_FUNCTION = YES;
				GCC_WARN_UNUSED_VARIABLE = YES;
				IPHONEOS_DEPLOYMENT_TARGET = 9.2;
				MTL_ENABLE_DEBUG_INFO = YES;
				ONLY_ACTIVE_ARCH = YES;
				SDKROOT = iphoneos;
				SWIFT_OPTIMIZATION_LEVEL = "-Onone";
				TARGETED_DEVICE_FAMILY = "1,2";
			};
			name = Debug;
		};
		9ACF8D2E1C7DBE0700D64B91 /* Release */ = {
			isa = XCBuildConfiguration;
			buildSettings = {
				ALWAYS_SEARCH_USER_PATHS = NO;
				CLANG_CXX_LANGUAGE_STANDARD = "gnu++0x";
				CLANG_CXX_LIBRARY = "libc++";
				CLANG_ENABLE_MODULES = YES;
				CLANG_ENABLE_OBJC_ARC = YES;
				CLANG_WARN_BOOL_CONVERSION = YES;
				CLANG_WARN_CONSTANT_CONVERSION = YES;
				CLANG_WARN_DIRECT_OBJC_ISA_USAGE = YES_ERROR;
				CLANG_WARN_EMPTY_BODY = YES;
				CLANG_WARN_ENUM_CONVERSION = YES;
				CLANG_WARN_INT_CONVERSION = YES;
				CLANG_WARN_OBJC_ROOT_CLASS = YES_ERROR;
				CLANG_WARN_UNREACHABLE_CODE = YES;
				CLANG_WARN__DUPLICATE_METHOD_MATCH = YES;
				"CODE_SIGN_IDENTITY[sdk=iphoneos*]" = "iPhone Developer";
				COPY_PHASE_STRIP = NO;
				DEBUG_INFORMATION_FORMAT = "dwarf-with-dsym";
				ENABLE_NS_ASSERTIONS = NO;
				ENABLE_STRICT_OBJC_MSGSEND = YES;
				GCC_C_LANGUAGE_STANDARD = gnu99;
				GCC_NO_COMMON_BLOCKS = YES;
				GCC_WARN_64_TO_32_BIT_CONVERSION = YES;
				GCC_WARN_ABOUT_RETURN_TYPE = YES_ERROR;
				GCC_WARN_UNDECLARED_SELECTOR = YES;
				GCC_WARN_UNINITIALIZED_AUTOS = YES_AGGRESSIVE;
				GCC_WARN_UNUSED_FUNCTION = YES;
				GCC_WARN_UNUSED_VARIABLE = YES;
				IPHONEOS_DEPLOYMENT_TARGET = 9.2;
				MTL_ENABLE_DEBUG_INFO = NO;
				SDKROOT = iphoneos;
				TARGETED_DEVICE_FAMILY = "1,2";
				VALIDATE_PRODUCT = YES;
			};
			name = Release;
		};
		9ACF8D301C7DBE0700D64B91 /* Debug */ = {
			isa = XCBuildConfiguration;
			buildSettings = {
				ASSETCATALOG_COMPILER_APPICON_NAME = AppIcon;
				INFOPLIST_FILE = MusicVideo/Info.plist;
				LD_RUNPATH_SEARCH_PATHS = "$(inherited) @executable_path/Frameworks";
				PRODUCT_BUNDLE_IDENTIFIER = ua.org.sguznin.MusicVideo;
				PRODUCT_NAME = "$(TARGET_NAME)";
			};
			name = Debug;
		};
		9ACF8D311C7DBE0700D64B91 /* Release */ = {
			isa = XCBuildConfiguration;
			buildSettings = {
				ASSETCATALOG_COMPILER_APPICON_NAME = AppIcon;
				INFOPLIST_FILE = MusicVideo/Info.plist;
				LD_RUNPATH_SEARCH_PATHS = "$(inherited) @executable_path/Frameworks";
				PRODUCT_BUNDLE_IDENTIFIER = ua.org.sguznin.MusicVideo;
				PRODUCT_NAME = "$(TARGET_NAME)";
			};
			name = Release;
		};
		9ACF8D331C7DBE0700D64B91 /* Debug */ = {
			isa = XCBuildConfiguration;
			buildSettings = {
				BUNDLE_LOADER = "$(TEST_HOST)";
				INFOPLIST_FILE = MusicVideoTests/Info.plist;
				LD_RUNPATH_SEARCH_PATHS = "$(inherited) @executable_path/Frameworks @loader_path/Frameworks";
				PRODUCT_BUNDLE_IDENTIFIER = ua.org.sguznin.MusicVideoTests;
				PRODUCT_NAME = "$(TARGET_NAME)";
				TEST_HOST = "$(BUILT_PRODUCTS_DIR)/MusicVideo.app/MusicVideo";
			};
			name = Debug;
		};
		9ACF8D341C7DBE0700D64B91 /* Release */ = {
			isa = XCBuildConfiguration;
			buildSettings = {
				BUNDLE_LOADER = "$(TEST_HOST)";
				INFOPLIST_FILE = MusicVideoTests/Info.plist;
				LD_RUNPATH_SEARCH_PATHS = "$(inherited) @executable_path/Frameworks @loader_path/Frameworks";
				PRODUCT_BUNDLE_IDENTIFIER = ua.org.sguznin.MusicVideoTests;
				PRODUCT_NAME = "$(TARGET_NAME)";
				TEST_HOST = "$(BUILT_PRODUCTS_DIR)/MusicVideo.app/MusicVideo";
			};
			name = Release;
		};
		9ACF8D361C7DBE0700D64B91 /* Debug */ = {
			isa = XCBuildConfiguration;
			buildSettings = {
				INFOPLIST_FILE = MusicVideoUITests/Info.plist;
				LD_RUNPATH_SEARCH_PATHS = "$(inherited) @executable_path/Frameworks @loader_path/Frameworks";
				PRODUCT_BUNDLE_IDENTIFIER = ua.org.sguznin.MusicVideoUITests;
				PRODUCT_NAME = "$(TARGET_NAME)";
				TEST_TARGET_NAME = MusicVideo;
				USES_XCTRUNNER = YES;
			};
			name = Debug;
		};
		9ACF8D371C7DBE0700D64B91 /* Release */ = {
			isa = XCBuildConfiguration;
			buildSettings = {
				INFOPLIST_FILE = MusicVideoUITests/Info.plist;
				LD_RUNPATH_SEARCH_PATHS = "$(inherited) @executable_path/Frameworks @loader_path/Frameworks";
				PRODUCT_BUNDLE_IDENTIFIER = ua.org.sguznin.MusicVideoUITests;
				PRODUCT_NAME = "$(TARGET_NAME)";
				TEST_TARGET_NAME = MusicVideo;
				USES_XCTRUNNER = YES;
			};
			name = Release;
		};
/* End XCBuildConfiguration section */

/* Begin XCConfigurationList section */
		9ACF8D021C7DBE0700D64B91 /* Build configuration list for PBXProject "MusicVideo" */ = {
			isa = XCConfigurationList;
			buildConfigurations = (
				9ACF8D2D1C7DBE0700D64B91 /* Debug */,
				9ACF8D2E1C7DBE0700D64B91 /* Release */,
			);
			defaultConfigurationIsVisible = 0;
			defaultConfigurationName = Release;
		};
		9ACF8D2F1C7DBE0700D64B91 /* Build configuration list for PBXNativeTarget "MusicVideo" */ = {
			isa = XCConfigurationList;
			buildConfigurations = (
				9ACF8D301C7DBE0700D64B91 /* Debug */,
				9ACF8D311C7DBE0700D64B91 /* Release */,
			);
			defaultConfigurationIsVisible = 0;
		};
		9ACF8D321C7DBE0700D64B91 /* Build configuration list for PBXNativeTarget "MusicVideoTests" */ = {
			isa = XCConfigurationList;
			buildConfigurations = (
				9ACF8D331C7DBE0700D64B91 /* Debug */,
				9ACF8D341C7DBE0700D64B91 /* Release */,
			);
			defaultConfigurationIsVisible = 0;
		};
		9ACF8D351C7DBE0700D64B91 /* Build configuration list for PBXNativeTarget "MusicVideoUITests" */ = {
			isa = XCConfigurationList;
			buildConfigurations = (
				9ACF8D361C7DBE0700D64B91 /* Debug */,
				9ACF8D371C7DBE0700D64B91 /* Release */,
			);
			defaultConfigurationIsVisible = 0;
		};
/* End XCConfigurationList section */
	};
	rootObject = 9ACF8CFF1C7DBE0700D64B91 /* Project object */;
}
